// !$*UTF8*$!
{
	archiveVersion = 1;
	classes = {
	};
	objectVersion = 50;
	objects = {

/* Begin PBXBuildFile section */
		D0A91AF924E38DF50023FE36 /* AppDelegate.swift in Sources */ = {isa = PBXBuildFile; fileRef = D0A91AF824E38DF50023FE36 /* AppDelegate.swift */; };
		D0A91AFB24E38DF50023FE36 /* ViewController.swift in Sources */ = {isa = PBXBuildFile; fileRef = D0A91AFA24E38DF50023FE36 /* ViewController.swift */; };
		D0A91AFD24E38DF70023FE36 /* Assets.xcassets in Resources */ = {isa = PBXBuildFile; fileRef = D0A91AFC24E38DF70023FE36 /* Assets.xcassets */; };
		D0A91B0024E38DF70023FE36 /* Main.storyboard in Resources */ = {isa = PBXBuildFile; fileRef = D0A91AFE24E38DF70023FE36 /* Main.storyboard */; };
		D0A91B0924E38E320023FE36 /* DragAndDropView.swift in Sources */ = {isa = PBXBuildFile; fileRef = D0A91B0824E38E320023FE36 /* DragAndDropView.swift */; };
		D0A91B0B24E38E870023FE36 /* DraggedImage.swift in Sources */ = {isa = PBXBuildFile; fileRef = D0A91B0A24E38E870023FE36 /* DraggedImage.swift */; };
/* End PBXBuildFile section */

/* Begin PBXFileReference section */
		D0A91AF524E38DF50023FE36 /* DragAndDropViewDemo.app */ = {isa = PBXFileReference; explicitFileType = wrapper.application; includeInIndex = 0; path = DragAndDropViewDemo.app; sourceTree = BUILT_PRODUCTS_DIR; };
		D0A91AF824E38DF50023FE36 /* AppDelegate.swift */ = {isa = PBXFileReference; lastKnownFileType = sourcecode.swift; path = AppDelegate.swift; sourceTree = "<group>"; };
		D0A91AFA24E38DF50023FE36 /* ViewController.swift */ = {isa = PBXFileReference; lastKnownFileType = sourcecode.swift; path = ViewController.swift; sourceTree = "<group>"; };
		D0A91AFC24E38DF70023FE36 /* Assets.xcassets */ = {isa = PBXFileReference; lastKnownFileType = folder.assetcatalog; path = Assets.xcassets; sourceTree = "<group>"; };
		D0A91AFF24E38DF70023FE36 /* Base */ = {isa = PBXFileReference; lastKnownFileType = file.storyboard; name = Base; path = Base.lproj/Main.storyboard; sourceTree = "<group>"; };
		D0A91B0124E38DF70023FE36 /* Info.plist */ = {isa = PBXFileReference; lastKnownFileType = text.plist.xml; path = Info.plist; sourceTree = "<group>"; };
		D0A91B0224E38DF70023FE36 /* DragAndDropViewDemo.entitlements */ = {isa = PBXFileReference; lastKnownFileType = text.plist.entitlements; path = DragAndDropViewDemo.entitlements; sourceTree = "<group>"; };
		D0A91B0824E38E320023FE36 /* DragAndDropView.swift */ = {isa = PBXFileReference; lastKnownFileType = sourcecode.swift; path = DragAndDropView.swift; sourceTree = "<group>"; };
		D0A91B0A24E38E870023FE36 /* DraggedImage.swift */ = {isa = PBXFileReference; lastKnownFileType = sourcecode.swift; path = DraggedImage.swift; sourceTree = "<group>"; };
/* End PBXFileReference section */

/* Begin PBXFrameworksBuildPhase section */
		D0A91AF224E38DF50023FE36 /* Frameworks */ = {
			isa = PBXFrameworksBuildPhase;
			buildActionMask = 2147483647;
			files = (
			);
			runOnlyForDeploymentPostprocessing = 0;
		};
/* End PBXFrameworksBuildPhase section */

/* Begin PBXGroup section */
		D0A91AEC24E38DF50023FE36 = {
			isa = PBXGroup;
			children = (
				D0A91AF724E38DF50023FE36 /* DragAndDropViewDemo */,
				D0A91AF624E38DF50023FE36 /* Products */,
			);
			sourceTree = "<group>";
		};
		D0A91AF624E38DF50023FE36 /* Products */ = {
			isa = PBXGroup;
			children = (
				D0A91AF524E38DF50023FE36 /* DragAndDropViewDemo.app */,
			);
			name = Products;
			sourceTree = "<group>";
		};
		D0A91AF724E38DF50023FE36 /* DragAndDropViewDemo */ = {
			isa = PBXGroup;
			children = (
				D0A91AF824E38DF50023FE36 /* AppDelegate.swift */,
				D0A91AFA24E38DF50023FE36 /* ViewController.swift */,
				D0A91B0824E38E320023FE36 /* DragAndDropView.swift */,
				D0A91B0A24E38E870023FE36 /* DraggedImage.swift */,
				D0A91AFC24E38DF70023FE36 /* Assets.xcassets */,
				D0A91AFE24E38DF70023FE36 /* Main.storyboard */,
				D0A91B0124E38DF70023FE36 /* Info.plist */,
				D0A91B0224E38DF70023FE36 /* DragAndDropViewDemo.entitlements */,
			);
			path = DragAndDropViewDemo;
			sourceTree = "<group>";
		};
/* End PBXGroup section */

/* Begin PBXNativeTarget section */
		D0A91AF424E38DF50023FE36 /* DragAndDropViewDemo */ = {
			isa = PBXNativeTarget;
			buildConfigurationList = D0A91B0524E38DF70023FE36 /* Build configuration list for PBXNativeTarget "DragAndDropViewDemo" */;
			buildPhases = (
				D0A91AF124E38DF50023FE36 /* Sources */,
				D0A91AF224E38DF50023FE36 /* Frameworks */,
				D0A91AF324E38DF50023FE36 /* Resources */,
			);
			buildRules = (
			);
			dependencies = (
			);
			name = DragAndDropViewDemo;
			productName = DragAndDropViewDemo;
			productReference = D0A91AF524E38DF50023FE36 /* DragAndDropViewDemo.app */;
			productType = "com.apple.product-type.application";
		};
/* End PBXNativeTarget section */

/* Begin PBXProject section */
		D0A91AED24E38DF50023FE36 /* Project object */ = {
			isa = PBXProject;
			attributes = {
				LastSwiftUpdateCheck = 1160;
				LastUpgradeCheck = 1160;
				ORGANIZATIONNAME = hikeuchi;
				TargetAttributes = {
					D0A91AF424E38DF50023FE36 = {
						CreatedOnToolsVersion = 11.6;
					};
				};
			};
			buildConfigurationList = D0A91AF024E38DF50023FE36 /* Build configuration list for PBXProject "DragAndDropViewDemo" */;
			compatibilityVersion = "Xcode 9.3";
			developmentRegion = en;
			hasScannedForEncodings = 0;
			knownRegions = (
				en,
				Base,
			);
			mainGroup = D0A91AEC24E38DF50023FE36;
			productRefGroup = D0A91AF624E38DF50023FE36 /* Products */;
			projectDirPath = "";
			projectRoot = "";
			targets = (
				D0A91AF424E38DF50023FE36 /* DragAndDropViewDemo */,
			);
		};
/* End PBXProject section */

/* Begin PBXResourcesBuildPhase section */
		D0A91AF324E38DF50023FE36 /* Resources */ = {
			isa = PBXResourcesBuildPhase;
			buildActionMask = 2147483647;
			files = (
				D0A91AFD24E38DF70023FE36 /* Assets.xcassets in Resources */,
				D0A91B0024E38DF70023FE36 /* Main.storyboard in Resources */,
			);
			runOnlyForDeploymentPostprocessing = 0;
		};
/* End PBXResourcesBuildPhase section */

/* Begin PBXSourcesBuildPhase section */
		D0A91AF124E38DF50023FE36 /* Sources */ = {
			isa = PBXSourcesBuildPhase;
			buildActionMask = 2147483647;
			files = (
				D0A91AFB24E38DF50023FE36 /* ViewController.swift in Sources */,
				D0A91B0924E38E320023FE36 /* DragAndDropView.swift in Sources */,
				D0A91B0B24E38E870023FE36 /* DraggedImage.swift in Sources */,
				D0A91AF924E38DF50023FE36 /* AppDelegate.swift in Sources */,
			);
			runOnlyForDeploymentPostprocessing = 0;
		};
/* End PBXSourcesBuildPhase section */

/* Begin PBXVariantGroup section */
		D0A91AFE24E38DF70023FE36 /* Main.storyboard */ = {
			isa = PBXVariantGroup;
			children = (
				D0A91AFF24E38DF70023FE36 /* Base */,
			);
			name = Main.storyboard;
			sourceTree = "<group>";
		};
/* End PBXVariantGroup section */

/* Begin XCBuildConfiguration section */
		D0A91B0324E38DF70023FE36 /* Debug */ = {
			isa = XCBuildConfiguration;
			buildSettings = {
				ALWAYS_SEARCH_USER_PATHS = NO;
				CLANG_ANALYZER_NONNULL = YES;
				CLANG_ANALYZER_NUMBER_OBJECT_CONVERSION = YES_AGGRESSIVE;
				CLANG_CXX_LANGUAGE_STANDARD = "gnu++14";
				CLANG_CXX_LIBRARY = "libc++";
				CLANG_ENABLE_MODULES = YES;
				CLANG_ENABLE_OBJC_ARC = YES;
				CLANG_ENABLE_OBJC_WEAK = YES;
				CLANG_WARN_BLOCK_CAPTURE_AUTORELEASING = YES;
				CLANG_WARN_BOOL_CONVERSION = YES;
				CLANG_WARN_COMMA = YES;
				CLANG_WARN_CONSTANT_CONVERSION = YES;
				CLANG_WARN_DEPRECATED_OBJC_IMPLEMENTATIONS = YES;
				CLANG_WARN_DIRECT_OBJC_ISA_USAGE = YES_ERROR;
				CLANG_WARN_DOCUMENTATION_COMMENTS = YES;
				CLANG_WARN_EMPTY_BODY = YES;
				CLANG_WARN_ENUM_CONVERSION = YES;
				CLANG_WARN_INFINITE_RECURSION = YES;
				CLANG_WARN_INT_CONVERSION = YES;
				CLANG_WARN_NON_LITERAL_NULL_CONVERSION = YES;
				CLANG_WARN_OBJC_IMPLICIT_RETAIN_SELF = YES;
				CLANG_WARN_OBJC_LITERAL_CONVERSION = YES;
				CLANG_WARN_OBJC_ROOT_CLASS = YES_ERROR;
				CLANG_WARN_RANGE_LOOP_ANALYSIS = YES;
				CLANG_WARN_STRICT_PROTOTYPES = YES;
				CLANG_WARN_SUSPICIOUS_MOVE = YES;
				CLANG_WARN_UNGUARDED_AVAILABILITY = YES_AGGRESSIVE;
				CLANG_WARN_UNREACHABLE_CODE = YES;
				CLANG_WARN__DUPLICATE_METHOD_MATCH = YES;
				COPY_PHASE_STRIP = NO;
				DEBUG_INFORMATION_FORMAT = dwarf;
				ENABLE_STRICT_OBJC_MSGSEND = YES;
				ENABLE_TESTABILITY = YES;
				GCC_C_LANGUAGE_STANDARD = gnu11;
				GCC_DYNAMIC_NO_PIC = NO;
				GCC_NO_COMMON_BLOCKS = YES;
				GCC_OPTIMIZATION_LEVEL = 0;
				GCC_PREPROCESSOR_DEFINITIONS = (
					"DEBUG=1",
					"$(inherited)",
				);
				GCC_WARN_64_TO_32_BIT_CONVERSION = YES;
				GCC_WARN_ABOUT_RETURN_TYPE = YES_ERROR;
				GCC_WARN_UNDECLARED_SELECTOR = YES;
				GCC_WARN_UNINITIALIZED_AUTOS = YES_AGGRESSIVE;
				GCC_WARN_UNUSED_FUNCTION = YES;
				GCC_WARN_UNUSED_VARIABLE = YES;
				MACOSX_DEPLOYMENT_TARGET = 10.15;
				MTL_ENABLE_DEBUG_INFO = INCLUDE_SOURCE;
				MTL_FAST_MATH = YES;
				ONLY_ACTIVE_ARCH = YES;
				SDKROOT = macosx;
				SWIFT_ACTIVE_COMPILATION_CONDITIONS = DEBUG;
				SWIFT_OPTIMIZATION_LEVEL = "-Onone";
			};
			name = Debug;
		};
		D0A91B0424E38DF70023FE36 /* Release */ = {
			isa = XCBuildConfiguration;
			buildSettings = {
				ALWAYS_SEARCH_USER_PATHS = NO;
				CLANG_ANALYZER_NONNULL = YES;
				CLANG_ANALYZER_NUMBER_OBJECT_CONVERSION = YES_AGGRESSIVE;
				CLANG_CXX_LANGUAGE_STANDARD = "gnu++14";
				CLANG_CXX_LIBRARY = "libc++";
				CLANG_ENABLE_MODULES = YES;
				CLANG_ENABLE_OBJC_ARC = YES;
				CLANG_ENABLE_OBJC_WEAK = YES;
				CLANG_WARN_BLOCK_CAPTURE_AUTORELEASING = YES;
				CLANG_WARN_BOOL_CONVERSION = YES;
				CLANG_WARN_COMMA = YES;
				CLANG_WARN_CONSTANT_CONVERSION = YES;
				CLANG_WARN_DEPRECATED_OBJC_IMPLEMENTATIONS = YES;
				CLANG_WARN_DIRECT_OBJC_ISA_USAGE = YES_ERROR;
				CLANG_WARN_DOCUMENTATION_COMMENTS = YES;
				CLANG_WARN_EMPTY_BODY = YES;
				CLANG_WARN_ENUM_CONVERSION = YES;
				CLANG_WARN_INFINITE_RECURSION = YES;
				CLANG_WARN_INT_CONVERSION = YES;
				CLANG_WARN_NON_LITERAL_NULL_CONVERSION = YES;
				CLANG_WARN_OBJC_IMPLICIT_RETAIN_SELF = YES;
				CLANG_WARN_OBJC_LITERAL_CONVERSION = YES;
				CLANG_WARN_OBJC_ROOT_CLASS = YES_ERROR;
				CLANG_WARN_RANGE_LOOP_ANALYSIS = YES;
				CLANG_WARN_STRICT_PROTOTYPES = YES;
				CLANG_WARN_SUSPICIOUS_MOVE = YES;
				CLANG_WARN_UNGUARDED_AVAILABILITY = YES_AGGRESSIVE;
				CLANG_WARN_UNREACHABLE_CODE = YES;
				CLANG_WARN__DUPLICATE_METHOD_MATCH = YES;
				COPY_PHASE_STRIP = NO;
				DEBUG_INFORMATION_FORMAT = "dwarf-with-dsym";
				ENABLE_NS_ASSERTIONS = NO;
				ENABLE_STRICT_OBJC_MSGSEND = YES;
				GCC_C_LANGUAGE_STANDARD = gnu11;
				GCC_NO_COMMON_BLOCKS = YES;
				GCC_WARN_64_TO_32_BIT_CONVERSION = YES;
				GCC_WARN_ABOUT_RETURN_TYPE = YES_ERROR;
				GCC_WARN_UNDECLARED_SELECTOR = YES;
				GCC_WARN_UNINITIALIZED_AUTOS = YES_AGGRESSIVE;
				GCC_WARN_UNUSED_FUNCTION = YES;
				GCC_WARN_UNUSED_VARIABLE = YES;
				MACOSX_DEPLOYMENT_TARGET = 10.15;
				MTL_ENABLE_DEBUG_INFO = NO;
				MTL_FAST_MATH = YES;
				SDKROOT = macosx;
				SWIFT_COMPILATION_MODE = wholemodule;
				SWIFT_OPTIMIZATION_LEVEL = "-O";
			};
			name = Release;
		};
		D0A91B0624E38DF70023FE36 /* Debug */ = {
			isa = XCBuildConfiguration;
			buildSettings = {
				ASSETCATALOG_COMPILER_APPICON_NAME = AppIcon;
				CODE_SIGN_ENTITLEMENTS = DragAndDropViewDemo/DragAndDropViewDemo.entitlements;
				CODE_SIGN_STYLE = Automatic;
				COMBINE_HIDPI_IMAGES = YES;
				INFOPLIST_FILE = DragAndDropViewDemo/Info.plist;
				LD_RUNPATH_SEARCH_PATHS = (
					"$(inherited)",
					"@executable_path/../Frameworks",
				);
				PRODUCT_BUNDLE_IDENTIFIER = com.gmail.ikeh1024.DragAndDropViewDemo;
				PRODUCT_NAME = "$(TARGET_NAME)";
				SWIFT_VERSION = 5.0;
			};
			name = Debug;
		};
		D0A91B0724E38DF70023FE36 /* Release */ = {
			isa = XCBuildConfiguration;
			buildSettings = {
				ASSETCATALOG_COMPILER_APPICON_NAME = AppIcon;
				CODE_SIGN_ENTITLEMENTS = DragAndDropViewDemo/DragAndDropViewDemo.entitlements;
				CODE_SIGN_STYLE = Automatic;
				COMBINE_HIDPI_IMAGES = YES;
				INFOPLIST_FILE = DragAndDropViewDemo/Info.plist;
				LD_RUNPATH_SEARCH_PATHS = (
					"$(inherited)",
					"@executable_path/../Frameworks",
				);
				PRODUCT_BUNDLE_IDENTIFIER = com.gmail.ikeh1024.DragAndDropViewDemo;
				PRODUCT_NAME = "$(TARGET_NAME)";
				SWIFT_VERSION = 5.0;
			};
			name = Release;
		};
/* End XCBuildConfiguration section */

/* Begin XCConfigurationList section */
		D0A91AF024E38DF50023FE36 /* Build configuration list for PBXProject "DragAndDropViewDemo" */ = {
			isa = XCConfigurationList;
			buildConfigurations = (
				D0A91B0324E38DF70023FE36 /* Debug */,
				D0A91B0424E38DF70023FE36 /* Release */,
			);
			defaultConfigurationIsVisible = 0;
			defaultConfigurationName = Release;
		};
		D0A91B0524E38DF70023FE36 /* Build configuration list for PBXNativeTarget "DragAndDropViewDemo" */ = {
			isa = XCConfigurationList;
			buildConfigurations = (
				D0A91B0624E38DF70023FE36 /* Debug */,
				D0A91B0724E38DF70023FE36 /* Release */,
			);
			defaultConfigurationIsVisible = 0;
			defaultConfigurationName = Release;
		};
/* End XCConfigurationList section */
	};
	rootObject = D0A91AED24E38DF50023FE36 /* Project object */;
}
